// !$*UTF8*$!
{
	archiveVersion = 1;
	classes = {
	};
	objectVersion = 56;
	objects = {

/* Begin PBXBuildFile section */
		961E34C52A7432C400AEC7D3 /* NavigationStackExampleApp.swift in Sources */ = {isa = PBXBuildFile; fileRef = 961E34C42A7432C400AEC7D3 /* NavigationStackExampleApp.swift */; };
		961E34C92A7432C600AEC7D3 /* Assets.xcassets in Resources */ = {isa = PBXBuildFile; fileRef = 961E34C82A7432C600AEC7D3 /* Assets.xcassets */; };
		961E34CC2A7432C600AEC7D3 /* Preview Assets.xcassets in Resources */ = {isa = PBXBuildFile; fileRef = 961E34CB2A7432C600AEC7D3 /* Preview Assets.xcassets */; };
		961E34D32A74352100AEC7D3 /* NavigationLazyView.swift in Sources */ = {isa = PBXBuildFile; fileRef = 961E34D22A74352100AEC7D3 /* NavigationLazyView.swift */; };
		961E34D52A74765D00AEC7D3 /* ContentView.swift in Sources */ = {isa = PBXBuildFile; fileRef = 961E34D42A74765D00AEC7D3 /* ContentView.swift */; };
		961E34D82A74853B00AEC7D3 /* Feature1View.swift in Sources */ = {isa = PBXBuildFile; fileRef = 961E34D72A74853B00AEC7D3 /* Feature1View.swift */; };
		961E34DA2A74858900AEC7D3 /* Feature1ViewModel.swift in Sources */ = {isa = PBXBuildFile; fileRef = 961E34D92A74858900AEC7D3 /* Feature1ViewModel.swift */; };
		961E34E02A7485CC00AEC7D3 /* Feature2_1_1_1ViewRoute.swift in Sources */ = {isa = PBXBuildFile; fileRef = 961E34DF2A7485CC00AEC7D3 /* Feature2_1_1_1ViewRoute.swift */; };
		961E34E22A7485E600AEC7D3 /* Feature2_1_1_1ViewModel.swift in Sources */ = {isa = PBXBuildFile; fileRef = 961E34E12A7485E600AEC7D3 /* Feature2_1_1_1ViewModel.swift */; };
		961E34E42A7485FF00AEC7D3 /* Feature2_1_1_1View.swift in Sources */ = {isa = PBXBuildFile; fileRef = 961E34E32A7485FF00AEC7D3 /* Feature2_1_1_1View.swift */; };
		961E34E62A74861600AEC7D3 /* Feature2_1_1View.swift in Sources */ = {isa = PBXBuildFile; fileRef = 961E34E52A74861600AEC7D3 /* Feature2_1_1View.swift */; };
		961E34E82A74862400AEC7D3 /* Feature2_1_1ViewRoute.swift in Sources */ = {isa = PBXBuildFile; fileRef = 961E34E72A74862400AEC7D3 /* Feature2_1_1ViewRoute.swift */; };
		961E34EA2A74864100AEC7D3 /* Feature2_1_1ViewModel.swift in Sources */ = {isa = PBXBuildFile; fileRef = 961E34E92A74864100AEC7D3 /* Feature2_1_1ViewModel.swift */; };
		961E34EC2A7486C400AEC7D3 /* Feature2_1ViewRoute.swift in Sources */ = {isa = PBXBuildFile; fileRef = 961E34EB2A7486C400AEC7D3 /* Feature2_1ViewRoute.swift */; };
		961E34EE2A7486EF00AEC7D3 /* Feature2_1ViewModel.swift in Sources */ = {isa = PBXBuildFile; fileRef = 961E34ED2A7486EF00AEC7D3 /* Feature2_1ViewModel.swift */; };
		961E34F02A74870600AEC7D3 /* Feature2_1View.swift in Sources */ = {isa = PBXBuildFile; fileRef = 961E34EF2A74870600AEC7D3 /* Feature2_1View.swift */; };
		961E34F22A74873E00AEC7D3 /* Feature2ViewRoute.swift in Sources */ = {isa = PBXBuildFile; fileRef = 961E34F12A74873E00AEC7D3 /* Feature2ViewRoute.swift */; };
		961E34F42A74874700AEC7D3 /* Feature2ViewModel.swift in Sources */ = {isa = PBXBuildFile; fileRef = 961E34F32A74874700AEC7D3 /* Feature2ViewModel.swift */; };
		961E34F62A74874E00AEC7D3 /* Feature2View.swift in Sources */ = {isa = PBXBuildFile; fileRef = 961E34F52A74874E00AEC7D3 /* Feature2View.swift */; };
		961E34F82A74878200AEC7D3 /* ContentViewRoute.swift in Sources */ = {isa = PBXBuildFile; fileRef = 961E34F72A74878200AEC7D3 /* ContentViewRoute.swift */; };
		961E34FA2A74879100AEC7D3 /* ContentViewModel.swift in Sources */ = {isa = PBXBuildFile; fileRef = 961E34F92A74879100AEC7D3 /* ContentViewModel.swift */; };
		961E34FF2A7487B500AEC7D3 /* Station.swift in Sources */ = {isa = PBXBuildFile; fileRef = 961E34FE2A7487B500AEC7D3 /* Station.swift */; };
		961E35052A75143200AEC7D3 /* Feature1ViewRoute.swift in Sources */ = {isa = PBXBuildFile; fileRef = 961E35042A75143200AEC7D3 /* Feature1ViewRoute.swift */; };
		961E35072A75145600AEC7D3 /* Feature1_1View.swift in Sources */ = {isa = PBXBuildFile; fileRef = 961E35062A75145600AEC7D3 /* Feature1_1View.swift */; };
		961E35092A75161000AEC7D3 /* Feature1_1ViewModel.swift in Sources */ = {isa = PBXBuildFile; fileRef = 961E35082A75161000AEC7D3 /* Feature1_1ViewModel.swift */; };
		961E350E2A7517A200AEC7D3 /* Feature1_1_1View.swift in Sources */ = {isa = PBXBuildFile; fileRef = 961E350D2A7517A200AEC7D3 /* Feature1_1_1View.swift */; };
		961E35102A7517AB00AEC7D3 /* Feature1_1_1ViewModel.swift in Sources */ = {isa = PBXBuildFile; fileRef = 961E350F2A7517AB00AEC7D3 /* Feature1_1_1ViewModel.swift */; };
		961E35122A7517D300AEC7D3 /* Feature1_1ViewRoute.swift in Sources */ = {isa = PBXBuildFile; fileRef = 961E35112A7517D300AEC7D3 /* Feature1_1ViewRoute.swift */; };
		961E35142A75196800AEC7D3 /* Feature1ViewModelManager.swift in Sources */ = {isa = PBXBuildFile; fileRef = 961E35132A75196800AEC7D3 /* Feature1ViewModelManager.swift */; };
		961E35162A752A3E00AEC7D3 /* UINavigationController+viewDidLoad.swift in Sources */ = {isa = PBXBuildFile; fileRef = 961E35152A752A3E00AEC7D3 /* UINavigationController+viewDidLoad.swift */; };
/* End PBXBuildFile section */

/* Begin PBXFileReference section */
		961E34C12A7432C400AEC7D3 /* NavigationStackExample.app */ = {isa = PBXFileReference; explicitFileType = wrapper.application; includeInIndex = 0; path = NavigationStackExample.app; sourceTree = BUILT_PRODUCTS_DIR; };
		961E34C42A7432C400AEC7D3 /* NavigationStackExampleApp.swift */ = {isa = PBXFileReference; lastKnownFileType = sourcecode.swift; path = NavigationStackExampleApp.swift; sourceTree = "<group>"; };
		961E34C82A7432C600AEC7D3 /* Assets.xcassets */ = {isa = PBXFileReference; lastKnownFileType = folder.assetcatalog; path = Assets.xcassets; sourceTree = "<group>"; };
		961E34CB2A7432C600AEC7D3 /* Preview Assets.xcassets */ = {isa = PBXFileReference; lastKnownFileType = folder.assetcatalog; path = "Preview Assets.xcassets"; sourceTree = "<group>"; };
		961E34D22A74352100AEC7D3 /* NavigationLazyView.swift */ = {isa = PBXFileReference; lastKnownFileType = sourcecode.swift; path = NavigationLazyView.swift; sourceTree = "<group>"; };
		961E34D42A74765D00AEC7D3 /* ContentView.swift */ = {isa = PBXFileReference; lastKnownFileType = sourcecode.swift; path = ContentView.swift; sourceTree = "<group>"; };
		961E34D72A74853B00AEC7D3 /* Feature1View.swift */ = {isa = PBXFileReference; lastKnownFileType = sourcecode.swift; path = Feature1View.swift; sourceTree = "<group>"; };
		961E34D92A74858900AEC7D3 /* Feature1ViewModel.swift */ = {isa = PBXFileReference; lastKnownFileType = sourcecode.swift; path = Feature1ViewModel.swift; sourceTree = "<group>"; };
		961E34DF2A7485CC00AEC7D3 /* Feature2_1_1_1ViewRoute.swift */ = {isa = PBXFileReference; lastKnownFileType = sourcecode.swift; path = Feature2_1_1_1ViewRoute.swift; sourceTree = "<group>"; };
		961E34E12A7485E600AEC7D3 /* Feature2_1_1_1ViewModel.swift */ = {isa = PBXFileReference; lastKnownFileType = sourcecode.swift; path = Feature2_1_1_1ViewModel.swift; sourceTree = "<group>"; };
		961E34E32A7485FF00AEC7D3 /* Feature2_1_1_1View.swift */ = {isa = PBXFileReference; lastKnownFileType = sourcecode.swift; path = Feature2_1_1_1View.swift; sourceTree = "<group>"; };
		961E34E52A74861600AEC7D3 /* Feature2_1_1View.swift */ = {isa = PBXFileReference; lastKnownFileType = sourcecode.swift; path = Feature2_1_1View.swift; sourceTree = "<group>"; };
		961E34E72A74862400AEC7D3 /* Feature2_1_1ViewRoute.swift */ = {isa = PBXFileReference; lastKnownFileType = sourcecode.swift; path = Feature2_1_1ViewRoute.swift; sourceTree = "<group>"; };
		961E34E92A74864100AEC7D3 /* Feature2_1_1ViewModel.swift */ = {isa = PBXFileReference; lastKnownFileType = sourcecode.swift; path = Feature2_1_1ViewModel.swift; sourceTree = "<group>"; };
		961E34EB2A7486C400AEC7D3 /* Feature2_1ViewRoute.swift */ = {isa = PBXFileReference; lastKnownFileType = sourcecode.swift; path = Feature2_1ViewRoute.swift; sourceTree = "<group>"; };
		961E34ED2A7486EF00AEC7D3 /* Feature2_1ViewModel.swift */ = {isa = PBXFileReference; lastKnownFileType = sourcecode.swift; path = Feature2_1ViewModel.swift; sourceTree = "<group>"; };
		961E34EF2A74870600AEC7D3 /* Feature2_1View.swift */ = {isa = PBXFileReference; lastKnownFileType = sourcecode.swift; path = Feature2_1View.swift; sourceTree = "<group>"; };
		961E34F12A74873E00AEC7D3 /* Feature2ViewRoute.swift */ = {isa = PBXFileReference; lastKnownFileType = sourcecode.swift; path = Feature2ViewRoute.swift; sourceTree = "<group>"; };
		961E34F32A74874700AEC7D3 /* Feature2ViewModel.swift */ = {isa = PBXFileReference; lastKnownFileType = sourcecode.swift; path = Feature2ViewModel.swift; sourceTree = "<group>"; };
		961E34F52A74874E00AEC7D3 /* Feature2View.swift */ = {isa = PBXFileReference; lastKnownFileType = sourcecode.swift; path = Feature2View.swift; sourceTree = "<group>"; };
		961E34F72A74878200AEC7D3 /* ContentViewRoute.swift */ = {isa = PBXFileReference; lastKnownFileType = sourcecode.swift; path = ContentViewRoute.swift; sourceTree = "<group>"; };
		961E34F92A74879100AEC7D3 /* ContentViewModel.swift */ = {isa = PBXFileReference; lastKnownFileType = sourcecode.swift; path = ContentViewModel.swift; sourceTree = "<group>"; };
		961E34FE2A7487B500AEC7D3 /* Station.swift */ = {isa = PBXFileReference; lastKnownFileType = sourcecode.swift; path = Station.swift; sourceTree = "<group>"; };
		961E35042A75143200AEC7D3 /* Feature1ViewRoute.swift */ = {isa = PBXFileReference; lastKnownFileType = sourcecode.swift; path = Feature1ViewRoute.swift; sourceTree = "<group>"; };
		961E35062A75145600AEC7D3 /* Feature1_1View.swift */ = {isa = PBXFileReference; lastKnownFileType = sourcecode.swift; path = Feature1_1View.swift; sourceTree = "<group>"; };
		961E35082A75161000AEC7D3 /* Feature1_1ViewModel.swift */ = {isa = PBXFileReference; lastKnownFileType = sourcecode.swift; path = Feature1_1ViewModel.swift; sourceTree = "<group>"; };
		961E350D2A7517A200AEC7D3 /* Feature1_1_1View.swift */ = {isa = PBXFileReference; lastKnownFileType = sourcecode.swift; path = Feature1_1_1View.swift; sourceTree = "<group>"; };
		961E350F2A7517AB00AEC7D3 /* Feature1_1_1ViewModel.swift */ = {isa = PBXFileReference; lastKnownFileType = sourcecode.swift; path = Feature1_1_1ViewModel.swift; sourceTree = "<group>"; };
		961E35112A7517D300AEC7D3 /* Feature1_1ViewRoute.swift */ = {isa = PBXFileReference; lastKnownFileType = sourcecode.swift; path = Feature1_1ViewRoute.swift; sourceTree = "<group>"; };
		961E35132A75196800AEC7D3 /* Feature1ViewModelManager.swift */ = {isa = PBXFileReference; lastKnownFileType = sourcecode.swift; path = Feature1ViewModelManager.swift; sourceTree = "<group>"; };
		961E35152A752A3E00AEC7D3 /* UINavigationController+viewDidLoad.swift */ = {isa = PBXFileReference; lastKnownFileType = sourcecode.swift; path = "UINavigationController+viewDidLoad.swift"; sourceTree = "<group>"; };
/* End PBXFileReference section */

/* Begin PBXFrameworksBuildPhase section */
		961E34BE2A7432C400AEC7D3 /* Frameworks */ = {
			isa = PBXFrameworksBuildPhase;
			buildActionMask = 2147483647;
			files = (
			);
			runOnlyForDeploymentPostprocessing = 0;
		};
/* End PBXFrameworksBuildPhase section */

/* Begin PBXGroup section */
		961E34B82A7432C400AEC7D3 = {
			isa = PBXGroup;
			children = (
				961E35152A752A3E00AEC7D3 /* UINavigationController+viewDidLoad.swift */,
				961E34C32A7432C400AEC7D3 /* NavigationStackExample */,
				961E34C22A7432C400AEC7D3 /* Products */,
			);
			sourceTree = "<group>";
		};
		961E34C22A7432C400AEC7D3 /* Products */ = {
			isa = PBXGroup;
			children = (
				961E34C12A7432C400AEC7D3 /* NavigationStackExample.app */,
			);
			name = Products;
			sourceTree = "<group>";
		};
		961E34C32A7432C400AEC7D3 /* NavigationStackExample */ = {
			isa = PBXGroup;
			children = (
				961E34FB2A7487A300AEC7D3 /* Core */,
				961E34DB2A7485A600AEC7D3 /* Feature2 */,
				961E34D62A74853000AEC7D3 /* Feature1 */,
				961E34C42A7432C400AEC7D3 /* NavigationStackExampleApp.swift */,
				961E34C82A7432C600AEC7D3 /* Assets.xcassets */,
				961E34CA2A7432C600AEC7D3 /* Preview Content */,
				961E34D22A74352100AEC7D3 /* NavigationLazyView.swift */,
				961E34F72A74878200AEC7D3 /* ContentViewRoute.swift */,
				961E34F92A74879100AEC7D3 /* ContentViewModel.swift */,
				961E34D42A74765D00AEC7D3 /* ContentView.swift */,
			);
			path = NavigationStackExample;
			sourceTree = "<group>";
		};
		961E34CA2A7432C600AEC7D3 /* Preview Content */ = {
			isa = PBXGroup;
			children = (
				961E34CB2A7432C600AEC7D3 /* Preview Assets.xcassets */,
			);
			path = "Preview Content";
			sourceTree = "<group>";
		};
		961E34D62A74853000AEC7D3 /* Feature1 */ = {
			isa = PBXGroup;
			children = (
				961E35042A75143200AEC7D3 /* Feature1ViewRoute.swift */,
				961E34D92A74858900AEC7D3 /* Feature1ViewModel.swift */,
				961E35132A75196800AEC7D3 /* Feature1ViewModelManager.swift */,
				961E34D72A74853B00AEC7D3 /* Feature1View.swift */,
				961E35032A75142000AEC7D3 /* Feature1_1 */,
			);
			path = Feature1;
			sourceTree = "<group>";
		};
		961E34DB2A7485A600AEC7D3 /* Feature2 */ = {
			isa = PBXGroup;
			children = (
				961E34F12A74873E00AEC7D3 /* Feature2ViewRoute.swift */,
				961E34F32A74874700AEC7D3 /* Feature2ViewModel.swift */,
				961E34F52A74874E00AEC7D3 /* Feature2View.swift */,
				961E34DC2A7485AF00AEC7D3 /* Feature2_1 */,
			);
			path = Feature2;
			sourceTree = "<group>";
		};
		961E34DC2A7485AF00AEC7D3 /* Feature2_1 */ = {
			isa = PBXGroup;
			children = (
				961E34EB2A7486C400AEC7D3 /* Feature2_1ViewRoute.swift */,
				961E34ED2A7486EF00AEC7D3 /* Feature2_1ViewModel.swift */,
				961E34EF2A74870600AEC7D3 /* Feature2_1View.swift */,
				961E34DD2A7485B500AEC7D3 /* Feature2_1_1 */,
			);
			path = Feature2_1;
			sourceTree = "<group>";
		};
		961E34DD2A7485B500AEC7D3 /* Feature2_1_1 */ = {
			isa = PBXGroup;
			children = (
				961E34E72A74862400AEC7D3 /* Feature2_1_1ViewRoute.swift */,
				961E34E92A74864100AEC7D3 /* Feature2_1_1ViewModel.swift */,
				961E34E52A74861600AEC7D3 /* Feature2_1_1View.swift */,
				961E34DE2A7485BA00AEC7D3 /* Feature_2_1_1_1 */,
			);
			path = Feature2_1_1;
			sourceTree = "<group>";
		};
		961E34DE2A7485BA00AEC7D3 /* Feature_2_1_1_1 */ = {
			isa = PBXGroup;
			children = (
				961E34DF2A7485CC00AEC7D3 /* Feature2_1_1_1ViewRoute.swift */,
				961E34E12A7485E600AEC7D3 /* Feature2_1_1_1ViewModel.swift */,
				961E34E32A7485FF00AEC7D3 /* Feature2_1_1_1View.swift */,
			);
			path = Feature_2_1_1_1;
			sourceTree = "<group>";
		};
		961E34FB2A7487A300AEC7D3 /* Core */ = {
			isa = PBXGroup;
			children = (
				961E34FC2A7487AB00AEC7D3 /* Domain */,
			);
			path = Core;
			sourceTree = "<group>";
		};
		961E34FC2A7487AB00AEC7D3 /* Domain */ = {
			isa = PBXGroup;
			children = (
				961E34FD2A7487AE00AEC7D3 /* Entities */,
			);
			path = Domain;
			sourceTree = "<group>";
		};
		961E34FD2A7487AE00AEC7D3 /* Entities */ = {
			isa = PBXGroup;
			children = (
				961E34FE2A7487B500AEC7D3 /* Station.swift */,
			);
			path = Entities;
			sourceTree = "<group>";
		};
		961E35032A75142000AEC7D3 /* Feature1_1 */ = {
			isa = PBXGroup;
			children = (
				961E35112A7517D300AEC7D3 /* Feature1_1ViewRoute.swift */,
				961E35082A75161000AEC7D3 /* Feature1_1ViewModel.swift */,
				961E35062A75145600AEC7D3 /* Feature1_1View.swift */,
				961E350A2A75178B00AEC7D3 /* Feature1_1_1 */,
			);
			path = Feature1_1;
			sourceTree = "<group>";
		};
		961E350A2A75178B00AEC7D3 /* Feature1_1_1 */ = {
			isa = PBXGroup;
			children = (
				961E350F2A7517AB00AEC7D3 /* Feature1_1_1ViewModel.swift */,
				961E350D2A7517A200AEC7D3 /* Feature1_1_1View.swift */,
			);
			path = Feature1_1_1;
			sourceTree = "<group>";
		};
/* End PBXGroup section */

/* Begin PBXNativeTarget section */
		961E34C02A7432C400AEC7D3 /* NavigationStackExample */ = {
			isa = PBXNativeTarget;
			buildConfigurationList = 961E34CF2A7432C600AEC7D3 /* Build configuration list for PBXNativeTarget "NavigationStackExample" */;
			buildPhases = (
				961E34BD2A7432C400AEC7D3 /* Sources */,
				961E34BE2A7432C400AEC7D3 /* Frameworks */,
				961E34BF2A7432C400AEC7D3 /* Resources */,
			);
			buildRules = (
			);
			dependencies = (
			);
			name = NavigationStackExample;
			productName = NavigationStackExample;
			productReference = 961E34C12A7432C400AEC7D3 /* NavigationStackExample.app */;
			productType = "com.apple.product-type.application";
		};
/* End PBXNativeTarget section */

/* Begin PBXProject section */
		961E34B92A7432C400AEC7D3 /* Project object */ = {
			isa = PBXProject;
			attributes = {
				BuildIndependentTargetsInParallel = 1;
				LastSwiftUpdateCheck = 1430;
				LastUpgradeCheck = 1430;
				TargetAttributes = {
					961E34C02A7432C400AEC7D3 = {
						CreatedOnToolsVersion = 14.3;
					};
				};
			};
			buildConfigurationList = 961E34BC2A7432C400AEC7D3 /* Build configuration list for PBXProject "NavigationStackExample" */;
			compatibilityVersion = "Xcode 14.0";
			developmentRegion = en;
			hasScannedForEncodings = 0;
			knownRegions = (
				en,
				Base,
			);
			mainGroup = 961E34B82A7432C400AEC7D3;
			productRefGroup = 961E34C22A7432C400AEC7D3 /* Products */;
			projectDirPath = "";
			projectRoot = "";
			targets = (
				961E34C02A7432C400AEC7D3 /* NavigationStackExample */,
			);
		};
/* End PBXProject section */

/* Begin PBXResourcesBuildPhase section */
		961E34BF2A7432C400AEC7D3 /* Resources */ = {
			isa = PBXResourcesBuildPhase;
			buildActionMask = 2147483647;
			files = (
				961E34CC2A7432C600AEC7D3 /* Preview Assets.xcassets in Resources */,
				961E34C92A7432C600AEC7D3 /* Assets.xcassets in Resources */,
			);
			runOnlyForDeploymentPostprocessing = 0;
		};
/* End PBXResourcesBuildPhase section */

/* Begin PBXSourcesBuildPhase section */
		961E34BD2A7432C400AEC7D3 /* Sources */ = {
			isa = PBXSourcesBuildPhase;
			buildActionMask = 2147483647;
			files = (
				961E34EC2A7486C400AEC7D3 /* Feature2_1ViewRoute.swift in Sources */,
				961E34E82A74862400AEC7D3 /* Feature2_1_1ViewRoute.swift in Sources */,
				961E34EA2A74864100AEC7D3 /* Feature2_1_1ViewModel.swift in Sources */,
				961E34D52A74765D00AEC7D3 /* ContentView.swift in Sources */,
				961E34F82A74878200AEC7D3 /* ContentViewRoute.swift in Sources */,
				961E35122A7517D300AEC7D3 /* Feature1_1ViewRoute.swift in Sources */,
				961E34F02A74870600AEC7D3 /* Feature2_1View.swift in Sources */,
				961E34FF2A7487B500AEC7D3 /* Station.swift in Sources */,
				961E34DA2A74858900AEC7D3 /* Feature1ViewModel.swift in Sources */,
				961E34E02A7485CC00AEC7D3 /* Feature2_1_1_1ViewRoute.swift in Sources */,
				961E34EE2A7486EF00AEC7D3 /* Feature2_1ViewModel.swift in Sources */,
				961E34D82A74853B00AEC7D3 /* Feature1View.swift in Sources */,
				961E35142A75196800AEC7D3 /* Feature1ViewModelManager.swift in Sources */,
				961E35102A7517AB00AEC7D3 /* Feature1_1_1ViewModel.swift in Sources */,
				961E34E62A74861600AEC7D3 /* Feature2_1_1View.swift in Sources */,
				961E34E42A7485FF00AEC7D3 /* Feature2_1_1_1View.swift in Sources */,
				961E34FA2A74879100AEC7D3 /* ContentViewModel.swift in Sources */,
				961E34F22A74873E00AEC7D3 /* Feature2ViewRoute.swift in Sources */,
				961E34F42A74874700AEC7D3 /* Feature2ViewModel.swift in Sources */,
				961E34E22A7485E600AEC7D3 /* Feature2_1_1_1ViewModel.swift in Sources */,
				961E35162A752A3E00AEC7D3 /* UINavigationController+viewDidLoad.swift in Sources */,
				961E350E2A7517A200AEC7D3 /* Feature1_1_1View.swift in Sources */,
				961E34C52A7432C400AEC7D3 /* NavigationStackExampleApp.swift in Sources */,
				961E35092A75161000AEC7D3 /* Feature1_1ViewModel.swift in Sources */,
				961E35052A75143200AEC7D3 /* Feature1ViewRoute.swift in Sources */,
				961E34F62A74874E00AEC7D3 /* Feature2View.swift in Sources */,
				961E34D32A74352100AEC7D3 /* NavigationLazyView.swift in Sources */,
				961E35072A75145600AEC7D3 /* Feature1_1View.swift in Sources */,
			);
			runOnlyForDeploymentPostprocessing = 0;
		};
/* End PBXSourcesBuildPhase section */

/* Begin XCBuildConfiguration section */
		961E34CD2A7432C600AEC7D3 /* Debug */ = {
			isa = XCBuildConfiguration;
			buildSettings = {
				ALWAYS_SEARCH_USER_PATHS = NO;
				CLANG_ANALYZER_NONNULL = YES;
				CLANG_ANALYZER_NUMBER_OBJECT_CONVERSION = YES_AGGRESSIVE;
				CLANG_CXX_LANGUAGE_STANDARD = "gnu++20";
				CLANG_ENABLE_MODULES = YES;
				CLANG_ENABLE_OBJC_ARC = YES;
				CLANG_ENABLE_OBJC_WEAK = YES;
				CLANG_WARN_BLOCK_CAPTURE_AUTORELEASING = YES;
				CLANG_WARN_BOOL_CONVERSION = YES;
				CLANG_WARN_COMMA = YES;
				CLANG_WARN_CONSTANT_CONVERSION = YES;
				CLANG_WARN_DEPRECATED_OBJC_IMPLEMENTATIONS = YES;
				CLANG_WARN_DIRECT_OBJC_ISA_USAGE = YES_ERROR;
				CLANG_WARN_DOCUMENTATION_COMMENTS = YES;
				CLANG_WARN_EMPTY_BODY = YES;
				CLANG_WARN_ENUM_CONVERSION = YES;
				CLANG_WARN_INFINITE_RECURSION = YES;
				CLANG_WARN_INT_CONVERSION = YES;
				CLANG_WARN_NON_LITERAL_NULL_CONVERSION = YES;
				CLANG_WARN_OBJC_IMPLICIT_RETAIN_SELF = YES;
				CLANG_WARN_OBJC_LITERAL_CONVERSION = YES;
				CLANG_WARN_OBJC_ROOT_CLASS = YES_ERROR;
				CLANG_WARN_QUOTED_INCLUDE_IN_FRAMEWORK_HEADER = YES;
				CLANG_WARN_RANGE_LOOP_ANALYSIS = YES;
				CLANG_WARN_STRICT_PROTOTYPES = YES;
				CLANG_WARN_SUSPICIOUS_MOVE = YES;
				CLANG_WARN_UNGUARDED_AVAILABILITY = YES_AGGRESSIVE;
				CLANG_WARN_UNREACHABLE_CODE = YES;
				CLANG_WARN__DUPLICATE_METHOD_MATCH = YES;
				COPY_PHASE_STRIP = NO;
				DEBUG_INFORMATION_FORMAT = dwarf;
				ENABLE_STRICT_OBJC_MSGSEND = YES;
				ENABLE_TESTABILITY = YES;
				GCC_C_LANGUAGE_STANDARD = gnu11;
				GCC_DYNAMIC_NO_PIC = NO;
				GCC_NO_COMMON_BLOCKS = YES;
				GCC_OPTIMIZATION_LEVEL = 0;
				GCC_PREPROCESSOR_DEFINITIONS = (
					"DEBUG=1",
					"$(inherited)",
				);
				GCC_WARN_64_TO_32_BIT_CONVERSION = YES;
				GCC_WARN_ABOUT_RETURN_TYPE = YES_ERROR;
				GCC_WARN_UNDECLARED_SELECTOR = YES;
				GCC_WARN_UNINITIALIZED_AUTOS = YES_AGGRESSIVE;
				GCC_WARN_UNUSED_FUNCTION = YES;
				GCC_WARN_UNUSED_VARIABLE = YES;
				IPHONEOS_DEPLOYMENT_TARGET = 16.4;
				MTL_ENABLE_DEBUG_INFO = INCLUDE_SOURCE;
				MTL_FAST_MATH = YES;
				ONLY_ACTIVE_ARCH = YES;
				SDKROOT = iphoneos;
				SWIFT_ACTIVE_COMPILATION_CONDITIONS = DEBUG;
				SWIFT_OPTIMIZATION_LEVEL = "-Onone";
			};
			name = Debug;
		};
		961E34CE2A7432C600AEC7D3 /* Release */ = {
			isa = XCBuildConfiguration;
			buildSettings = {
				ALWAYS_SEARCH_USER_PATHS = NO;
				CLANG_ANALYZER_NONNULL = YES;
				CLANG_ANALYZER_NUMBER_OBJECT_CONVERSION = YES_AGGRESSIVE;
				CLANG_CXX_LANGUAGE_STANDARD = "gnu++20";
				CLANG_ENABLE_MODULES = YES;
				CLANG_ENABLE_OBJC_ARC = YES;
				CLANG_ENABLE_OBJC_WEAK = YES;
				CLANG_WARN_BLOCK_CAPTURE_AUTORELEASING = YES;
				CLANG_WARN_BOOL_CONVERSION = YES;
				CLANG_WARN_COMMA = YES;
				CLANG_WARN_CONSTANT_CONVERSION = YES;
				CLANG_WARN_DEPRECATED_OBJC_IMPLEMENTATIONS = YES;
				CLANG_WARN_DIRECT_OBJC_ISA_USAGE = YES_ERROR;
				CLANG_WARN_DOCUMENTATION_COMMENTS = YES;
				CLANG_WARN_EMPTY_BODY = YES;
				CLANG_WARN_ENUM_CONVERSION = YES;
				CLANG_WARN_INFINITE_RECURSION = YES;
				CLANG_WARN_INT_CONVERSION = YES;
				CLANG_WARN_NON_LITERAL_NULL_CONVERSION = YES;
				CLANG_WARN_OBJC_IMPLICIT_RETAIN_SELF = YES;
				CLANG_WARN_OBJC_LITERAL_CONVERSION = YES;
				CLANG_WARN_OBJC_ROOT_CLASS = YES_ERROR;
				CLANG_WARN_QUOTED_INCLUDE_IN_FRAMEWORK_HEADER = YES;
				CLANG_WARN_RANGE_LOOP_ANALYSIS = YES;
				CLANG_WARN_STRICT_PROTOTYPES = YES;
				CLANG_WARN_SUSPICIOUS_MOVE = YES;
				CLANG_WARN_UNGUARDED_AVAILABILITY = YES_AGGRESSIVE;
				CLANG_WARN_UNREACHABLE_CODE = YES;
				CLANG_WARN__DUPLICATE_METHOD_MATCH = YES;
				COPY_PHASE_STRIP = NO;
				DEBUG_INFORMATION_FORMAT = "dwarf-with-dsym";
				ENABLE_NS_ASSERTIONS = NO;
				ENABLE_STRICT_OBJC_MSGSEND = YES;
				GCC_C_LANGUAGE_STANDARD = gnu11;
				GCC_NO_COMMON_BLOCKS = YES;
				GCC_WARN_64_TO_32_BIT_CONVERSION = YES;
				GCC_WARN_ABOUT_RETURN_TYPE = YES_ERROR;
				GCC_WARN_UNDECLARED_SELECTOR = YES;
				GCC_WARN_UNINITIALIZED_AUTOS = YES_AGGRESSIVE;
				GCC_WARN_UNUSED_FUNCTION = YES;
				GCC_WARN_UNUSED_VARIABLE = YES;
				IPHONEOS_DEPLOYMENT_TARGET = 16.4;
				MTL_ENABLE_DEBUG_INFO = NO;
				MTL_FAST_MATH = YES;
				SDKROOT = iphoneos;
				SWIFT_COMPILATION_MODE = wholemodule;
				SWIFT_OPTIMIZATION_LEVEL = "-O";
				VALIDATE_PRODUCT = YES;
			};
			name = Release;
		};
		961E34D02A7432C600AEC7D3 /* Debug */ = {
			isa = XCBuildConfiguration;
			buildSettings = {
				ASSETCATALOG_COMPILER_APPICON_NAME = AppIcon;
				ASSETCATALOG_COMPILER_GLOBAL_ACCENT_COLOR_NAME = AccentColor;
				CODE_SIGN_STYLE = Automatic;
				CURRENT_PROJECT_VERSION = 1;
				DEVELOPMENT_ASSET_PATHS = "\"NavigationStackExample/Preview Content\"";
				DEVELOPMENT_TEAM = G85YYYKRLS;
				ENABLE_PREVIEWS = YES;
				GENERATE_INFOPLIST_FILE = YES;
				INFOPLIST_KEY_UIApplicationSceneManifest_Generation = YES;
				INFOPLIST_KEY_UIApplicationSupportsIndirectInputEvents = YES;
				INFOPLIST_KEY_UILaunchScreen_Generation = YES;
				INFOPLIST_KEY_UISupportedInterfaceOrientations_iPad = "UIInterfaceOrientationPortrait UIInterfaceOrientationPortraitUpsideDown UIInterfaceOrientationLandscapeLeft UIInterfaceOrientationLandscapeRight";
				INFOPLIST_KEY_UISupportedInterfaceOrientations_iPhone = "UIInterfaceOrientationPortrait UIInterfaceOrientationLandscapeLeft UIInterfaceOrientationLandscapeRight";
				LD_RUNPATH_SEARCH_PATHS = (
					"$(inherited)",
					"@executable_path/Frameworks",
				);
				MARKETING_VERSION = 1.0;
				PRODUCT_BUNDLE_IDENTIFIER = com.example.NavigationStackExample;
				PRODUCT_NAME = "$(TARGET_NAME)";
				SWIFT_EMIT_LOC_STRINGS = YES;
				SWIFT_VERSION = 5.0;
				TARGETED_DEVICE_FAMILY = "1,2";
			};
			name = Debug;
		};
		961E34D12A7432C600AEC7D3 /* Release */ = {
			isa = XCBuildConfiguration;
			buildSettings = {
				ASSETCATALOG_COMPILER_APPICON_NAME = AppIcon;
				ASSETCATALOG_COMPILER_GLOBAL_ACCENT_COLOR_NAME = AccentColor;
				CODE_SIGN_STYLE = Automatic;
				CURRENT_PROJECT_VERSION = 1;
				DEVELOPMENT_ASSET_PATHS = "\"NavigationStackExample/Preview Content\"";
				DEVELOPMENT_TEAM = G85YYYKRLS;
				ENABLE_PREVIEWS = YES;
				GENERATE_INFOPLIST_FILE = YES;
				INFOPLIST_KEY_UIApplicationSceneManifest_Generation = YES;
				INFOPLIST_KEY_UIApplicationSupportsIndirectInputEvents = YES;
				INFOPLIST_KEY_UILaunchScreen_Generation = YES;
				INFOPLIST_KEY_UISupportedInterfaceOrientations_iPad = "UIInterfaceOrientationPortrait UIInterfaceOrientationPortraitUpsideDown UIInterfaceOrientationLandscapeLeft UIInterfaceOrientationLandscapeRight";
				INFOPLIST_KEY_UISupportedInterfaceOrientations_iPhone = "UIInterfaceOrientationPortrait UIInterfaceOrientationLandscapeLeft UIInterfaceOrientationLandscapeRight";
				LD_RUNPATH_SEARCH_PATHS = (
					"$(inherited)",
					"@executable_path/Frameworks",
				);
				MARKETING_VERSION = 1.0;
				PRODUCT_BUNDLE_IDENTIFIER = com.example.NavigationStackExample;
				PRODUCT_NAME = "$(TARGET_NAME)";
				SWIFT_EMIT_LOC_STRINGS = YES;
				SWIFT_VERSION = 5.0;
				TARGETED_DEVICE_FAMILY = "1,2";
			};
			name = Release;
		};
/* End XCBuildConfiguration section */

/* Begin XCConfigurationList section */
		961E34BC2A7432C400AEC7D3 /* Build configuration list for PBXProject "NavigationStackExample" */ = {
			isa = XCConfigurationList;
			buildConfigurations = (
				961E34CD2A7432C600AEC7D3 /* Debug */,
				961E34CE2A7432C600AEC7D3 /* Release */,
			);
			defaultConfigurationIsVisible = 0;
			defaultConfigurationName = Release;
		};
		961E34CF2A7432C600AEC7D3 /* Build configuration list for PBXNativeTarget "NavigationStackExample" */ = {
			isa = XCConfigurationList;
			buildConfigurations = (
				961E34D02A7432C600AEC7D3 /* Debug */,
				961E34D12A7432C600AEC7D3 /* Release */,
			);
			defaultConfigurationIsVisible = 0;
			defaultConfigurationName = Release;
		};
/* End XCConfigurationList section */
	};
	rootObject = 961E34B92A7432C400AEC7D3 /* Project object */;
}
